
Microsoft Visual Studio Solution File, Format Version 12.00
# Visual Studio Version 16
VisualStudioVersion = 16.0.31005.135
MinimumVisualStudioVersion = 10.0.40219.1
Project("{FAE04EC0-301F-11D3-BF4B-00C04F79EFBC}") = "CodeLab", "CodeLab\CodeLab.csproj", "{B1FC21FD-DF6E-4B5D-84AD-0FC66FA17D4C}"
EndProject
Global
	GlobalSection(SolutionConfigurationPlatforms) = preSolution
		Debug|Any CPU = Debug|Any CPU
		Release|Any CPU = Release|Any CPU
	EndGlobalSection
	GlobalSection(ProjectConfigurationPlatforms) = postSolution
		{B1FC21FD-DF6E-4B5D-84AD-0FC66FA17D4C}.Debug|Any CPU.ActiveCfg = Debug|Any CPU
		{B1FC21FD-DF6E-4B5D-84AD-0FC66FA17D4C}.Debug|Any CPU.Build.0 = Debug|Any CPU
		{B1FC21FD-DF6E-4B5D-84AD-0FC66FA17D4C}.Release|Any CPU.ActiveCfg = Release|Any CPU
		{B1FC21FD-DF6E-4B5D-84AD-0FC66FA17D4C}.Release|Any CPU.Build.0 = Release|Any CPU
	EndGlobalSection
	GlobalSection(SolutionProperties) = preSolution
		HideSolutionNode = FALSE
	EndGlobalSection
	GlobalSection(ExtensibilityGlobals) = postSolution
		SolutionGuid = {8E4E0496-2009-4857-82EC-358D6BA6CF8D}
	EndGlobalSection
EndGlobal
